
Microsoft Visual Studio Solution File, Format Version 12.00
# Visual Studio Version 17
VisualStudioVersion = 17.13.35931.197
MinimumVisualStudioVersion = 10.0.40219.1
Project("{FAE04EC0-301F-11D3-BF4B-00C04F79EFBC}") = "task-1135", "Main\task-1135.csproj", "{C72C6BBA-89A7-40CE-BD40-C8130DC08A43}"
EndProject
Project("{FAE04EC0-301F-11D3-BF4B-00C04F79EFBC}") = "Tests", "Tests\Tests.csproj", "{CBCEA23A-4BE0-44A3-BD42-A3783BE4A115}"
EndProject
Project("{FAE04EC0-301F-11D3-BF4B-00C04F79EFBC}") = "IntegrationTests", "IntegrationTests\IntegrationTests.csproj", "{01DAB851-E046-4337-BBFD-7B6779C29265}"
EndProject
Project("{FAE04EC0-301F-11D3-BF4B-00C04F79EFBC}") = "Contracts", "Contracts\Contracts.csproj", "{327A9305-5382-4DC4-9D92-6CEE400C15CE}"
EndProject
Project("{FAE04EC0-301F-11D3-BF4B-00C04F79EFBC}") = "OrderWorkerService.cs", "OrderWorkerService.cs\OrderWorkerService.cs.csproj", "{FA4A286D-7468-4602-A8A6-8B4B087ED112}"
EndProject
Project("{FAE04EC0-301F-11D3-BF4B-00C04F79EFBC}") = "Persistence", "Persistence\Persistence.csproj", "{84D1BF01-EC93-4AA6-813B-7F6AF9ABCF2F}"
EndProject
Project("{FAE04EC0-301F-11D3-BF4B-00C04F79EFBC}") = "Domain", "Domain\Domain.csproj", "{B98839DC-3788-40A5-B72D-B8857F2E348E}"
EndProject
Project("{2150E333-8FDC-42A3-9474-1A3956D46DE8}") = "Docker", "Docker", "{754FC069-D67B-A9D7-50A1-8D1CA196D8F1}"
	ProjectSection(SolutionItems) = preProject
		Docker\docker-compose.yml = Docker\docker-compose.yml
	EndProjectSection
EndProject
Global
	GlobalSection(SolutionConfigurationPlatforms) = preSolution
		Debug|Any CPU = Debug|Any CPU
		Release|Any CPU = Release|Any CPU
	EndGlobalSection
	GlobalSection(ProjectConfigurationPlatforms) = postSolution
		{C72C6BBA-89A7-40CE-BD40-C8130DC08A43}.Debug|Any CPU.ActiveCfg = Debug|Any CPU
		{C72C6BBA-89A7-40CE-BD40-C8130DC08A43}.Debug|Any CPU.Build.0 = Debug|Any CPU
		{C72C6BBA-89A7-40CE-BD40-C8130DC08A43}.Release|Any CPU.ActiveCfg = Release|Any CPU
		{C72C6BBA-89A7-40CE-BD40-C8130DC08A43}.Release|Any CPU.Build.0 = Release|Any CPU
		{CBCEA23A-4BE0-44A3-BD42-A3783BE4A115}.Debug|Any CPU.ActiveCfg = Debug|Any CPU
		{CBCEA23A-4BE0-44A3-BD42-A3783BE4A115}.Debug|Any CPU.Build.0 = Debug|Any CPU
		{CBCEA23A-4BE0-44A3-BD42-A3783BE4A115}.Release|Any CPU.ActiveCfg = Release|Any CPU
		{CBCEA23A-4BE0-44A3-BD42-A3783BE4A115}.Release|Any CPU.Build.0 = Release|Any CPU
		{01DAB851-E046-4337-BBFD-7B6779C29265}.Debug|Any CPU.ActiveCfg = Debug|Any CPU
		{01DAB851-E046-4337-BBFD-7B6779C29265}.Debug|Any CPU.Build.0 = Debug|Any CPU
		{01DAB851-E046-4337-BBFD-7B6779C29265}.Release|Any CPU.ActiveCfg = Release|Any CPU
		{01DAB851-E046-4337-BBFD-7B6779C29265}.Release|Any CPU.Build.0 = Release|Any CPU
		{327A9305-5382-4DC4-9D92-6CEE400C15CE}.Debug|Any CPU.ActiveCfg = Debug|Any CPU
		{327A9305-5382-4DC4-9D92-6CEE400C15CE}.Debug|Any CPU.Build.0 = Debug|Any CPU
		{327A9305-5382-4DC4-9D92-6CEE400C15CE}.Release|Any CPU.ActiveCfg = Release|Any CPU
		{327A9305-5382-4DC4-9D92-6CEE400C15CE}.Release|Any CPU.Build.0 = Release|Any CPU
		{FA4A286D-7468-4602-A8A6-8B4B087ED112}.Debug|Any CPU.ActiveCfg = Debug|Any CPU
		{FA4A286D-7468-4602-A8A6-8B4B087ED112}.Debug|Any CPU.Build.0 = Debug|Any CPU
		{FA4A286D-7468-4602-A8A6-8B4B087ED112}.Release|Any CPU.ActiveCfg = Release|Any CPU
		{FA4A286D-7468-4602-A8A6-8B4B087ED112}.Release|Any CPU.Build.0 = Release|Any CPU
		{84D1BF01-EC93-4AA6-813B-7F6AF9ABCF2F}.Debug|Any CPU.ActiveCfg = Debug|Any CPU
		{84D1BF01-EC93-4AA6-813B-7F6AF9ABCF2F}.Debug|Any CPU.Build.0 = Debug|Any CPU
		{84D1BF01-EC93-4AA6-813B-7F6AF9ABCF2F}.Release|Any CPU.ActiveCfg = Release|Any CPU
		{84D1BF01-EC93-4AA6-813B-7F6AF9ABCF2F}.Release|Any CPU.Build.0 = Release|Any CPU
		{B98839DC-3788-40A5-B72D-B8857F2E348E}.Debug|Any CPU.ActiveCfg = Debug|Any CPU
		{B98839DC-3788-40A5-B72D-B8857F2E348E}.Debug|Any CPU.Build.0 = Debug|Any CPU
		{B98839DC-3788-40A5-B72D-B8857F2E348E}.Release|Any CPU.ActiveCfg = Release|Any CPU
		{B98839DC-3788-40A5-B72D-B8857F2E348E}.Release|Any CPU.Build.0 = Release|Any CPU
	EndGlobalSection
	GlobalSection(SolutionProperties) = preSolution
		HideSolutionNode = FALSE
	EndGlobalSection
	GlobalSection(ExtensibilityGlobals) = postSolution
		SolutionGuid = {081BFA6F-6BE3-45A7-9386-ACFE0A9FA1C8}
	EndGlobalSection
EndGlobal
