
Microsoft Visual Studio Solution File, Format Version 12.00
# Visual Studio Version 17
VisualStudioVersion = 17.13.35931.197
MinimumVisualStudioVersion = 10.0.40219.1
Project("{FAE04EC0-301F-11D3-BF4B-00C04F79EFBC}") = "task-1135", "Main\task-1135.csproj", "{C72C6BBA-89A7-40CE-BD40-C8130DC08A43}"
EndProject
Project("{FAE04EC0-301F-11D3-BF4B-00C04F79EFBC}") = "Tests", "Tests\Tests.csproj", "{CBCEA23A-4BE0-44A3-BD42-A3783BE4A115}"
EndProject
Project("{FAE04EC0-301F-11D3-BF4B-00C04F79EFBC}") = "IntegrationTests", "IntegrationTests\IntegrationTests.csproj", "{01DAB851-E046-4337-BBFD-7B6779C29265}"
EndProject
Project("{FAE04EC0-301F-11D3-BF4B-00C04F79EFBC}") = "AuthorGrpcService", "AuthorGrpcService\AuthorGrpcService.csproj", "{D80016CA-84C6-15F8-A39B-CF2E6586CA18}"
EndProject
Project("{FAE04EC0-301F-11D3-BF4B-00C04F79EFBC}") = "BookGrpcService", "BookGrpcService\BookGrpcService.csproj", "{A9DD6C20-E0DB-B1F9-72DF-7E1A7005848C}"
EndProject
Project("{FAE04EC0-301F-11D3-BF4B-00C04F79EFBC}") = "Contracts", "Contracts\Contracts.csproj", "{327A9305-5382-4DC4-9D92-6CEE400C15CE}"
EndProject
Global
	GlobalSection(SolutionConfigurationPlatforms) = preSolution
		Debug|Any CPU = Debug|Any CPU
		Release|Any CPU = Release|Any CPU
	EndGlobalSection
	GlobalSection(ProjectConfigurationPlatforms) = postSolution
		{C72C6BBA-89A7-40CE-BD40-C8130DC08A43}.Debug|Any CPU.ActiveCfg = Debug|Any CPU
		{C72C6BBA-89A7-40CE-BD40-C8130DC08A43}.Debug|Any CPU.Build.0 = Debug|Any CPU
		{C72C6BBA-89A7-40CE-BD40-C8130DC08A43}.Release|Any CPU.ActiveCfg = Release|Any CPU
		{C72C6BBA-89A7-40CE-BD40-C8130DC08A43}.Release|Any CPU.Build.0 = Release|Any CPU
		{CBCEA23A-4BE0-44A3-BD42-A3783BE4A115}.Debug|Any CPU.ActiveCfg = Debug|Any CPU
		{CBCEA23A-4BE0-44A3-BD42-A3783BE4A115}.Debug|Any CPU.Build.0 = Debug|Any CPU
		{CBCEA23A-4BE0-44A3-BD42-A3783BE4A115}.Release|Any CPU.ActiveCfg = Release|Any CPU
		{CBCEA23A-4BE0-44A3-BD42-A3783BE4A115}.Release|Any CPU.Build.0 = Release|Any CPU
		{01DAB851-E046-4337-BBFD-7B6779C29265}.Debug|Any CPU.ActiveCfg = Debug|Any CPU
		{01DAB851-E046-4337-BBFD-7B6779C29265}.Debug|Any CPU.Build.0 = Debug|Any CPU
		{01DAB851-E046-4337-BBFD-7B6779C29265}.Release|Any CPU.ActiveCfg = Release|Any CPU
		{01DAB851-E046-4337-BBFD-7B6779C29265}.Release|Any CPU.Build.0 = Release|Any CPU
		{D80016CA-84C6-15F8-A39B-CF2E6586CA18}.Debug|Any CPU.ActiveCfg = Debug|Any CPU
		{D80016CA-84C6-15F8-A39B-CF2E6586CA18}.Debug|Any CPU.Build.0 = Debug|Any CPU
		{D80016CA-84C6-15F8-A39B-CF2E6586CA18}.Release|Any CPU.ActiveCfg = Release|Any CPU
		{D80016CA-84C6-15F8-A39B-CF2E6586CA18}.Release|Any CPU.Build.0 = Release|Any CPU
		{A9DD6C20-E0DB-B1F9-72DF-7E1A7005848C}.Debug|Any CPU.ActiveCfg = Debug|Any CPU
		{A9DD6C20-E0DB-B1F9-72DF-7E1A7005848C}.Debug|Any CPU.Build.0 = Debug|Any CPU
		{A9DD6C20-E0DB-B1F9-72DF-7E1A7005848C}.Release|Any CPU.ActiveCfg = Release|Any CPU
		{A9DD6C20-E0DB-B1F9-72DF-7E1A7005848C}.Release|Any CPU.Build.0 = Release|Any CPU
		{327A9305-5382-4DC4-9D92-6CEE400C15CE}.Debug|Any CPU.ActiveCfg = Debug|Any CPU
		{327A9305-5382-4DC4-9D92-6CEE400C15CE}.Debug|Any CPU.Build.0 = Debug|Any CPU
		{327A9305-5382-4DC4-9D92-6CEE400C15CE}.Release|Any CPU.ActiveCfg = Release|Any CPU
		{327A9305-5382-4DC4-9D92-6CEE400C15CE}.Release|Any CPU.Build.0 = Release|Any CPU
	EndGlobalSection
	GlobalSection(SolutionProperties) = preSolution
		HideSolutionNode = FALSE
	EndGlobalSection
	GlobalSection(ExtensibilityGlobals) = postSolution
		SolutionGuid = {081BFA6F-6BE3-45A7-9386-ACFE0A9FA1C8}
	EndGlobalSection
EndGlobal
