
Microsoft Visual Studio Solution File, Format Version 12.00
# Visual Studio Version 17
VisualStudioVersion = 17.13.35931.197
MinimumVisualStudioVersion = 10.0.40219.1
Project("{FAE04EC0-301F-11D3-BF4B-00C04F79EFBC}") = "task-1135", "Main\task-1135.csproj", "{C72C6BBA-89A7-40CE-BD40-C8130DC08A43}"
EndProject
Project("{FAE04EC0-301F-11D3-BF4B-00C04F79EFBC}") = "Tests", "Tests\Tests.csproj", "{CBCEA23A-4BE0-44A3-BD42-A3783BE4A115}"
EndProject
Global
	GlobalSection(SolutionConfigurationPlatforms) = preSolution
		Debug|Any CPU = Debug|Any CPU
		Release|Any CPU = Release|Any CPU
	EndGlobalSection
	GlobalSection(ProjectConfigurationPlatforms) = postSolution
		{C72C6BBA-89A7-40CE-BD40-C8130DC08A43}.Debug|Any CPU.ActiveCfg = Debug|Any CPU
		{C72C6BBA-89A7-40CE-BD40-C8130DC08A43}.Debug|Any CPU.Build.0 = Debug|Any CPU
		{C72C6BBA-89A7-40CE-BD40-C8130DC08A43}.Release|Any CPU.ActiveCfg = Release|Any CPU
		{C72C6BBA-89A7-40CE-BD40-C8130DC08A43}.Release|Any CPU.Build.0 = Release|Any CPU
		{CBCEA23A-4BE0-44A3-BD42-A3783BE4A115}.Debug|Any CPU.ActiveCfg = Debug|Any CPU
		{CBCEA23A-4BE0-44A3-BD42-A3783BE4A115}.Debug|Any CPU.Build.0 = Debug|Any CPU
		{CBCEA23A-4BE0-44A3-BD42-A3783BE4A115}.Release|Any CPU.ActiveCfg = Release|Any CPU
		{CBCEA23A-4BE0-44A3-BD42-A3783BE4A115}.Release|Any CPU.Build.0 = Release|Any CPU
	EndGlobalSection
	GlobalSection(SolutionProperties) = preSolution
		HideSolutionNode = FALSE
	EndGlobalSection
	GlobalSection(ExtensibilityGlobals) = postSolution
		SolutionGuid = {081BFA6F-6BE3-45A7-9386-ACFE0A9FA1C8}
	EndGlobalSection
EndGlobal
